
Microsoft Visual Studio Solution File, Format Version 12.00
# Visual Studio Version 17
VisualStudioVersion = 17.13.35913.81
MinimumVisualStudioVersion = 10.0.40219.1
Project("{FAE04EC0-301F-11D3-BF4B-00C04F79EFBC}") = "OnlineTrading.Models", "OnlineTrading.Models\OnlineTrading.Models.csproj", "{D765709C-D997-4956-A293-5FF8CD18944A}"
EndProject
Project("{FAE04EC0-301F-11D3-BF4B-00C04F79EFBC}") = "OnlineTrading.Repository", "OnlineTrading.Repository\OnlineTrading.Repository.csproj", "{035CA677-33D9-4200-887C-056C529B62AF}"
EndProject
Project("{FAE04EC0-301F-11D3-BF4B-00C04F79EFBC}") = "OnlineTrading.Web", "OnlineTrading.Web\OnlineTrading.Web.csproj", "{7EF1E249-41A9-461B-A4A2-2D95549381A6}"
EndProject
Project("{FAE04EC0-301F-11D3-BF4B-00C04F79EFBC}") = "OnlineTrading.Service", "OnlineTrading.Service\OnlineTrading.Service.csproj", "{04483BDD-FFE7-4981-875C-8EE85B771B25}"
EndProject
Global
	GlobalSection(SolutionConfigurationPlatforms) = preSolution
		Debug|Any CPU = Debug|Any CPU
		Release|Any CPU = Release|Any CPU
	EndGlobalSection
	GlobalSection(ProjectConfigurationPlatforms) = postSolution
		{D765709C-D997-4956-A293-5FF8CD18944A}.Debug|Any CPU.ActiveCfg = Debug|Any CPU
		{D765709C-D997-4956-A293-5FF8CD18944A}.Debug|Any CPU.Build.0 = Debug|Any CPU
		{D765709C-D997-4956-A293-5FF8CD18944A}.Release|Any CPU.ActiveCfg = Release|Any CPU
		{D765709C-D997-4956-A293-5FF8CD18944A}.Release|Any CPU.Build.0 = Release|Any CPU
		{035CA677-33D9-4200-887C-056C529B62AF}.Debug|Any CPU.ActiveCfg = Debug|Any CPU
		{035CA677-33D9-4200-887C-056C529B62AF}.Debug|Any CPU.Build.0 = Debug|Any CPU
		{035CA677-33D9-4200-887C-056C529B62AF}.Release|Any CPU.ActiveCfg = Release|Any CPU
		{035CA677-33D9-4200-887C-056C529B62AF}.Release|Any CPU.Build.0 = Release|Any CPU
		{7EF1E249-41A9-461B-A4A2-2D95549381A6}.Debug|Any CPU.ActiveCfg = Debug|Any CPU
		{7EF1E249-41A9-461B-A4A2-2D95549381A6}.Debug|Any CPU.Build.0 = Debug|Any CPU
		{7EF1E249-41A9-461B-A4A2-2D95549381A6}.Release|Any CPU.ActiveCfg = Release|Any CPU
		{7EF1E249-41A9-461B-A4A2-2D95549381A6}.Release|Any CPU.Build.0 = Release|Any CPU
		{04483BDD-FFE7-4981-875C-8EE85B771B25}.Debug|Any CPU.ActiveCfg = Debug|Any CPU
		{04483BDD-FFE7-4981-875C-8EE85B771B25}.Debug|Any CPU.Build.0 = Debug|Any CPU
		{04483BDD-FFE7-4981-875C-8EE85B771B25}.Release|Any CPU.ActiveCfg = Release|Any CPU
		{04483BDD-FFE7-4981-875C-8EE85B771B25}.Release|Any CPU.Build.0 = Release|Any CPU
	EndGlobalSection
	GlobalSection(SolutionProperties) = preSolution
		HideSolutionNode = FALSE
	EndGlobalSection
	GlobalSection(ExtensibilityGlobals) = postSolution
		SolutionGuid = {7434B271-4606-4577-A5F7-0C53F54A8F8C}
	EndGlobalSection
EndGlobal
